
Microsoft Visual Studio Solution File, Format Version 12.00
# Visual Studio 14
VisualStudioVersion = 14.0.25420.1
MinimumVisualStudioVersion = 10.0.40219.1
Project("{FAE04EC0-301F-11D3-BF4B-00C04F79EFBC}") = "EmployeeManagerment_UI", "EmployeeManagerment_UI\EmployeeManagerment_UI.csproj", "{8959519F-FA9F-4491-8533-EDB47356B08D}"
EndProject
Project("{FAE04EC0-301F-11D3-BF4B-00C04F79EFBC}") = "EmployeeManagement_Service", "EmployeeManagement_Service\EmployeeManagement_Service.csproj", "{710C363C-AE13-459F-BB45-37B73F06980D}"
EndProject
Project("{FAE04EC0-301F-11D3-BF4B-00C04F79EFBC}") = "EmployeeManagement_Test", "EmployeeManagement_Test\EmployeeManagement_Test.csproj", "{5D1C0552-F8A2-4ACD-86D2-9D9DAACE276F}"
EndProject
Global
	GlobalSection(SolutionConfigurationPlatforms) = preSolution
		Debug|Any CPU = Debug|Any CPU
		Release|Any CPU = Release|Any CPU
	EndGlobalSection
	GlobalSection(ProjectConfigurationPlatforms) = postSolution
		{8959519F-FA9F-4491-8533-EDB47356B08D}.Debug|Any CPU.ActiveCfg = Debug|Any CPU
		{8959519F-FA9F-4491-8533-EDB47356B08D}.Debug|Any CPU.Build.0 = Debug|Any CPU
		{8959519F-FA9F-4491-8533-EDB47356B08D}.Release|Any CPU.ActiveCfg = Release|Any CPU
		{8959519F-FA9F-4491-8533-EDB47356B08D}.Release|Any CPU.Build.0 = Release|Any CPU
		{710C363C-AE13-459F-BB45-37B73F06980D}.Debug|Any CPU.ActiveCfg = Debug|Any CPU
		{710C363C-AE13-459F-BB45-37B73F06980D}.Debug|Any CPU.Build.0 = Debug|Any CPU
		{710C363C-AE13-459F-BB45-37B73F06980D}.Release|Any CPU.ActiveCfg = Release|Any CPU
		{710C363C-AE13-459F-BB45-37B73F06980D}.Release|Any CPU.Build.0 = Release|Any CPU
		{5D1C0552-F8A2-4ACD-86D2-9D9DAACE276F}.Debug|Any CPU.ActiveCfg = Debug|Any CPU
		{5D1C0552-F8A2-4ACD-86D2-9D9DAACE276F}.Debug|Any CPU.Build.0 = Debug|Any CPU
		{5D1C0552-F8A2-4ACD-86D2-9D9DAACE276F}.Release|Any CPU.ActiveCfg = Release|Any CPU
		{5D1C0552-F8A2-4ACD-86D2-9D9DAACE276F}.Release|Any CPU.Build.0 = Release|Any CPU
	EndGlobalSection
	GlobalSection(SolutionProperties) = preSolution
		HideSolutionNode = FALSE
	EndGlobalSection
EndGlobal
